
Microsoft Visual Studio Solution File, Format Version 12.00
# Visual Studio 15
VisualStudioVersion = 15.0.28307.757
MinimumVisualStudioVersion = 10.0.40219.1
Project("{FAE04EC0-301F-11D3-BF4B-00C04F79EFBC}") = "Assignments", "Assignments\Assignments.csproj", "{21F68FA3-ECEB-4BD1-BB88-8F6424F6FDD1}"
EndProject
Global
	GlobalSection(SolutionConfigurationPlatforms) = preSolution
		Debug|Any CPU = Debug|Any CPU
		Release|Any CPU = Release|Any CPU
	EndGlobalSection
	GlobalSection(ProjectConfigurationPlatforms) = postSolution
		{21F68FA3-ECEB-4BD1-BB88-8F6424F6FDD1}.Debug|Any CPU.ActiveCfg = Debug|Any CPU
		{21F68FA3-ECEB-4BD1-BB88-8F6424F6FDD1}.Debug|Any CPU.Build.0 = Debug|Any CPU
		{21F68FA3-ECEB-4BD1-BB88-8F6424F6FDD1}.Release|Any CPU.ActiveCfg = Release|Any CPU
		{21F68FA3-ECEB-4BD1-BB88-8F6424F6FDD1}.Release|Any CPU.Build.0 = Release|Any CPU
	EndGlobalSection
	GlobalSection(SolutionProperties) = preSolution
		HideSolutionNode = FALSE
	EndGlobalSection
	GlobalSection(ExtensibilityGlobals) = postSolution
		SolutionGuid = {91EE32C0-F5E9-4F71-878D-02F44D6016A0}
	EndGlobalSection
EndGlobal
